{
  "name": "trackable-map",
  "version": "2.0.3",
  "lockfileVersion": 1,
  "requires": true,
  "dependencies": {
    "@types/node": {
      "version": "4.9.4",
      "resolved": "https://registry.npmjs.org/@types/node/-/node-4.9.4.tgz",
      "integrity": "sha512-nKoiCZ87x6+fs26bNHjy07AQt6f46nFEitGH0P9JmWbY6tEyum6LLfLf7SIsKFh4DnBWsyUM2gYhaQAt+aA0Sw==",
      "dev": true
    },
    "evt": {
      "version": "1.6.5",
      "resolved": "https://registry.npmjs.org/evt/-/evt-1.6.5.tgz",
      "integrity": "sha512-Xi0ofwsRe8wHWqxQ8cldDFCQ6a7Y3zXnkpeeNMrQGJjaXQdHp6JdnqLVf1lP0Pk19Ni/MRi2PloMtGgfQllDwA==",
      "requires": {
        "minimal-polyfills": "^1.0.8",
        "run-exclusive": "^2.1.12"
      }
    },
    "minimal-polyfills": {
      "version": "1.0.8",
      "resolved": "https://registry.npmjs.org/minimal-polyfills/-/minimal-polyfills-1.0.8.tgz",
      "integrity": "sha512-UMxkuvOc+d+ipPXCJnKb6dsBwkNccXPNHn77GAvUTVIpXklqWT2uu1flluct2jYVx6v0at2NbggnKar0V7WMng=="
    },
    "run-exclusive": {
      "version": "2.1.12",
      "resolved": "https://registry.npmjs.org/run-exclusive/-/run-exclusive-2.1.12.tgz",
      "integrity": "sha512-0WdKonJeW4jGTG4D/1bHLwj2KWZMI0nPnY4moWH0LDQC6on3QvG7f5d3Jkb0tZRh7dHelhBSgirwpthH9JMBBA==",
      "requires": {
        "minimal-polyfills": "^1.0.3"
      }
    },
    "typescript": {
      "version": "3.4.5",
      "resolved": "https://registry.npmjs.org/typescript/-/typescript-3.4.5.tgz",
      "integrity": "sha512-YycBxUb49UUhdNMU5aJ7z5Ej2XGmaIBL0x34vZ82fn3hGvD+bgrMrVDpatgz2f7YxUMJxMkbWxJZeAvDxVe7Vw==",
      "dev": true
    }
  }
}
