{
  "name": "trackable-map",
  "version": "2.0.2",
  "lockfileVersion": 1,
  "requires": true,
  "dependencies": {
    "@types/node": {
      "version": "4.2.20",
      "resolved": "https://registry.npmjs.org/@types/node/-/node-4.2.20.tgz",
      "integrity": "sha512-nSLKvYxEIV2bBlWvvpas2z7tKkg2qfkx2BdotvL1rkhbStlijGajd9+db8fghja1citNOa9cOVn20JQ6ImP9tg==",
      "dev": true
    },
    "ts-events-extended": {
      "version": "github:garronej/ts-events-extended#9e9c11ae2353fd37141738303c65f339b5c77798",
      "requires": {
        "run-exclusive": "github:garronej/run-exclusive#d13e5154e58e2ecdd2d5ab13d69eb183aa5895ab"
      },
      "dependencies": {
        "run-exclusive": {
          "version": "github:garronej/run-exclusive#d13e5154e58e2ecdd2d5ab13d69eb183aa5895ab"
        }
      }
    },
    "typescript": {
      "version": "2.5.3",
      "resolved": "https://registry.npmjs.org/typescript/-/typescript-2.5.3.tgz",
      "integrity": "sha512-ptLSQs2S4QuS6/OD1eAKG+S5G8QQtrU5RT32JULdZQtM1L3WTi34Wsu48Yndzi8xsObRAB9RPt/KhA9wlpEF6w==",
      "dev": true
    }
  }
}
