{
  "name": "trackable-map",
  "version": "2.0.2",
  "lockfileVersion": 1,
  "requires": true,
  "dependencies": {
    "@types/node": {
      "version": "4.9.1",
      "resolved": "https://registry.npmjs.org/@types/node/-/node-4.9.1.tgz",
      "integrity": "sha512-+LRWWDiB4SGY3FG8Cb8R8n9GJQ/rsoZr17zz+v95f7fdiQitk3bvZnjxhcl9T+DBuQ3exfW/3uvEHmLylYDWaw==",
      "dev": true
    },
    "run-exclusive": {
      "version": "github:garronej/run-exclusive#d13e5154e58e2ecdd2d5ab13d69eb183aa5895ab",
      "from": "github:garronej/run-exclusive"
    },
    "setprototypeof": {
      "version": "1.1.1",
      "resolved": "https://registry.npmjs.org/setprototypeof/-/setprototypeof-1.1.1.tgz",
      "integrity": "sha512-JvdAWfbXeIGaZ9cILp38HntZSFSo3mWg6xGcJJsd+d4aRMOqauag1C63dJfDw7OaMYwEbHMOxEZ1lqVRYP2OAw=="
    },
    "ts-events-extended": {
      "version": "github:garronej/ts-events-extended#140c2d93574f6278c91004e40f4f9eb91de451b9",
      "from": "github:garronej/ts-events-extended",
      "requires": {
        "run-exclusive": "github:garronej/run-exclusive#d13e5154e58e2ecdd2d5ab13d69eb183aa5895ab",
        "setprototypeof": "^1.1.1"
      }
    },
    "typescript": {
      "version": "2.9.2",
      "resolved": "https://registry.npmjs.org/typescript/-/typescript-2.9.2.tgz",
      "integrity": "sha512-Gr4p6nFNaoufRIY4NMdpQRNmgxVIGMs4Fcu/ujdYk3nAZqk7supzBE9idmvfZIlH/Cuj//dvi+019qEue9lV0w==",
      "dev": true
    }
  }
}
